
Microsoft Visual Studio Solution File, Format Version 12.00
# Visual Studio Version 16
VisualStudioVersion = 16.0.32407.337
MinimumVisualStudioVersion = 10.0.40219.1
Project("{8BC9CEB8-8B4A-11D0-8D11-00A0C91BC942}") = "sphinxSearch", "sphinxSearch.vcxproj", "{CBF0C9F7-ACF1-45B7-B7C3-3F4B0DE9BBDA}"
EndProject
Global
	GlobalSection(SolutionConfigurationPlatforms) = preSolution
		Debug|x64 = Debug|x64
		Debug|x86 = Debug|x86
		Release|x64 = Release|x64
		Release|x86 = Release|x86
	EndGlobalSection
	GlobalSection(ProjectConfigurationPlatforms) = postSolution
		{CBF0C9F7-ACF1-45B7-B7C3-3F4B0DE9BBDA}.Debug|x64.ActiveCfg = Debug|x64
		{CBF0C9F7-ACF1-45B7-B7C3-3F4B0DE9BBDA}.Debug|x64.Build.0 = Debug|x64
		{CBF0C9F7-ACF1-45B7-B7C3-3F4B0DE9BBDA}.Debug|x86.ActiveCfg = Debug|Win32
		{CBF0C9F7-ACF1-45B7-B7C3-3F4B0DE9BBDA}.Debug|x86.Build.0 = Debug|Win32
		{CBF0C9F7-ACF1-45B7-B7C3-3F4B0DE9BBDA}.Release|x64.ActiveCfg = Release|x64
		{CBF0C9F7-ACF1-45B7-B7C3-3F4B0DE9BBDA}.Release|x64.Build.0 = Release|x64
		{CBF0C9F7-ACF1-45B7-B7C3-3F4B0DE9BBDA}.Release|x86.ActiveCfg = Release|Win32
		{CBF0C9F7-ACF1-45B7-B7C3-3F4B0DE9BBDA}.Release|x86.Build.0 = Release|Win32
	EndGlobalSection
	GlobalSection(SolutionProperties) = preSolution
		HideSolutionNode = FALSE
	EndGlobalSection
	GlobalSection(ExtensibilityGlobals) = postSolution
		SolutionGuid = {89C7E4FA-AD2E-4DD2-BF22-F9AFCF9B877C}
	EndGlobalSection
EndGlobal
